
Microsoft Visual Studio Solution File, Format Version 12.00
# Visual Studio Version 16
VisualStudioVersion = 16.0.30717.126
MinimumVisualStudioVersion = 10.0.40219.1
Project("{FAE04EC0-301F-11D3-BF4B-00C04F79EFBC}") = "MiddleAges", "MiddleAges\MiddleAges.csproj", "{0E19B8EF-F43B-4A39-A285-64200D770C42}"
EndProject
Global
	GlobalSection(SolutionConfigurationPlatforms) = preSolution
		Debug|Any CPU = Debug|Any CPU
		Release|Any CPU = Release|Any CPU
	EndGlobalSection
	GlobalSection(ProjectConfigurationPlatforms) = postSolution
		{0E19B8EF-F43B-4A39-A285-64200D770C42}.Debug|Any CPU.ActiveCfg = Debug|Any CPU
		{0E19B8EF-F43B-4A39-A285-64200D770C42}.Debug|Any CPU.Build.0 = Debug|Any CPU
		{0E19B8EF-F43B-4A39-A285-64200D770C42}.Release|Any CPU.ActiveCfg = Release|Any CPU
		{0E19B8EF-F43B-4A39-A285-64200D770C42}.Release|Any CPU.Build.0 = Release|Any CPU
	EndGlobalSection
	GlobalSection(SolutionProperties) = preSolution
		HideSolutionNode = FALSE
	EndGlobalSection
	GlobalSection(ExtensibilityGlobals) = postSolution
		SolutionGuid = {98583BB5-9BEC-40A7-BBCE-BBD42372BE7A}
	EndGlobalSection
EndGlobal
